# This file was autogenerated by Stack.
# You should not edit this file by hand.
# For more information, please see the documentation at:
#   https://docs.haskellstack.org/en/stable/lock_files

packages:
- completed:
    hackage: data-ordlist-0.4.7.0@sha256:b431053fc40aec78aa0829c0f75f09661d7c4e8ce2c9465600baf0c207b522b0,804
    pantry-tree:
      sha256: e568c8a75fcc3f67bb4864668c309deeea018f0e9b14a35774f9d6684bdc8c75
      size: 268
  original:
    hackage: data-ordlist-0.4.7.0
snapshots: []
